// !$*UTF8*$!
{
	archiveVersion = 1;
	classes = {
	};
	objectVersion = 56;
	objects = {

/* Begin PBXBuildFile section */
		CDAA17C22AFEA44D00C6375D /* Button.swift in Sources */ = {isa = PBXBuildFile; fileRef = CDAA17C12AFEA44D00C6375D /* Button.swift */; };
		CDAA17C62AFEAD2500C6375D /* ApiTest.swift in Sources */ = {isa = PBXBuildFile; fileRef = CDAA17C52AFEAD2500C6375D /* ApiTest.swift */; };
		CDAA17C82AFEC51A00C6375D /* MapTests.swift in Sources */ = {isa = PBXBuildFile; fileRef = CDAA17C72AFEC51A00C6375D /* MapTests.swift */; };
		CDAA17CA2AFED2BD00C6375D /* FilterTests.swift in Sources */ = {isa = PBXBuildFile; fileRef = CDAA17C92AFED2BD00C6375D /* FilterTests.swift */; };
		CDAA17CF2AFED33500C6375D /* Constants.swift in Sources */ = {isa = PBXBuildFile; fileRef = CDAA17CE2AFED33500C6375D /* Constants.swift */; };
		CDCE1E0F2AFC2DCA00FBECE5 /* YapeFoodApp.swift in Sources */ = {isa = PBXBuildFile; fileRef = CDCE1E0E2AFC2DCA00FBECE5 /* YapeFoodApp.swift */; };
		CDCE1E112AFC2DCA00FBECE5 /* ContentView.swift in Sources */ = {isa = PBXBuildFile; fileRef = CDCE1E102AFC2DCA00FBECE5 /* ContentView.swift */; };
		CDCE1E132AFC2DCC00FBECE5 /* Assets.xcassets in Resources */ = {isa = PBXBuildFile; fileRef = CDCE1E122AFC2DCC00FBECE5 /* Assets.xcassets */; };
		CDCE1E162AFC2DCC00FBECE5 /* Preview Assets.xcassets in Resources */ = {isa = PBXBuildFile; fileRef = CDCE1E152AFC2DCC00FBECE5 /* Preview Assets.xcassets */; };
		CDCE1E202AFC2DCC00FBECE5 /* YapeFoodTests.swift in Sources */ = {isa = PBXBuildFile; fileRef = CDCE1E1F2AFC2DCC00FBECE5 /* YapeFoodTests.swift */; };
		CDCE1E2A2AFC2DCC00FBECE5 /* YapeFoodUITests.swift in Sources */ = {isa = PBXBuildFile; fileRef = CDCE1E292AFC2DCC00FBECE5 /* YapeFoodUITests.swift */; };
		CDCE1E2C2AFC2DCC00FBECE5 /* YapeFoodUITestsLaunchTests.swift in Sources */ = {isa = PBXBuildFile; fileRef = CDCE1E2B2AFC2DCC00FBECE5 /* YapeFoodUITestsLaunchTests.swift */; };
		CDCE1E3C2AFC3A1E00FBECE5 /* TabBarView.swift in Sources */ = {isa = PBXBuildFile; fileRef = CDCE1E3B2AFC3A1E00FBECE5 /* TabBarView.swift */; };
		CDCE1E3E2AFC3A4500FBECE5 /* HomeView.swift in Sources */ = {isa = PBXBuildFile; fileRef = CDCE1E3D2AFC3A4500FBECE5 /* HomeView.swift */; };
		CDCE1E402AFC3A4B00FBECE5 /* MapView.swift in Sources */ = {isa = PBXBuildFile; fileRef = CDCE1E3F2AFC3A4B00FBECE5 /* MapView.swift */; };
		CDCE1E422AFC3D9500FBECE5 /* RecipeModel.swift in Sources */ = {isa = PBXBuildFile; fileRef = CDCE1E412AFC3D9500FBECE5 /* RecipeModel.swift */; };
		CDCE1E452AFC465700FBECE5 /* Api.swift in Sources */ = {isa = PBXBuildFile; fileRef = CDCE1E442AFC465700FBECE5 /* Api.swift */; };
		CDCE1E472AFC473500FBECE5 /* ApiErrors.swift in Sources */ = {isa = PBXBuildFile; fileRef = CDCE1E462AFC473500FBECE5 /* ApiErrors.swift */; };
		CDCE1E4B2AFC4D5600FBECE5 /* HomeVM.swift in Sources */ = {isa = PBXBuildFile; fileRef = CDCE1E4A2AFC4D5600FBECE5 /* HomeVM.swift */; };
		CDCE1E502AFD80AB00FBECE5 /* CardView.swift in Sources */ = {isa = PBXBuildFile; fileRef = CDCE1E4F2AFD80AB00FBECE5 /* CardView.swift */; };
		CDCE1E522AFD97E500FBECE5 /* DetailView.swift in Sources */ = {isa = PBXBuildFile; fileRef = CDCE1E512AFD97E500FBECE5 /* DetailView.swift */; };
/* End PBXBuildFile section */

/* Begin PBXContainerItemProxy section */
		CDCE1E1C2AFC2DCC00FBECE5 /* PBXContainerItemProxy */ = {
			isa = PBXContainerItemProxy;
			containerPortal = CDCE1E032AFC2DCA00FBECE5 /* Project object */;
			proxyType = 1;
			remoteGlobalIDString = CDCE1E0A2AFC2DCA00FBECE5;
			remoteInfo = YapeFood;
		};
		CDCE1E262AFC2DCC00FBECE5 /* PBXContainerItemProxy */ = {
			isa = PBXContainerItemProxy;
			containerPortal = CDCE1E032AFC2DCA00FBECE5 /* Project object */;
			proxyType = 1;
			remoteGlobalIDString = CDCE1E0A2AFC2DCA00FBECE5;
			remoteInfo = YapeFood;
		};
/* End PBXContainerItemProxy section */

/* Begin PBXFileReference section */
		CDAA17C12AFEA44D00C6375D /* Button.swift */ = {isa = PBXFileReference; lastKnownFileType = sourcecode.swift; path = Button.swift; sourceTree = "<group>"; };
		CDAA17C52AFEAD2500C6375D /* ApiTest.swift */ = {isa = PBXFileReference; lastKnownFileType = sourcecode.swift; path = ApiTest.swift; sourceTree = "<group>"; };
		CDAA17C72AFEC51A00C6375D /* MapTests.swift */ = {isa = PBXFileReference; lastKnownFileType = sourcecode.swift; path = MapTests.swift; sourceTree = "<group>"; };
		CDAA17C92AFED2BD00C6375D /* FilterTests.swift */ = {isa = PBXFileReference; lastKnownFileType = sourcecode.swift; path = FilterTests.swift; sourceTree = "<group>"; };
		CDAA17CE2AFED33500C6375D /* Constants.swift */ = {isa = PBXFileReference; lastKnownFileType = sourcecode.swift; path = Constants.swift; sourceTree = "<group>"; };
		CDCE1E0B2AFC2DCA00FBECE5 /* YapeFood.app */ = {isa = PBXFileReference; explicitFileType = wrapper.application; includeInIndex = 0; path = YapeFood.app; sourceTree = BUILT_PRODUCTS_DIR; };
		CDCE1E0E2AFC2DCA00FBECE5 /* YapeFoodApp.swift */ = {isa = PBXFileReference; lastKnownFileType = sourcecode.swift; path = YapeFoodApp.swift; sourceTree = "<group>"; };
		CDCE1E102AFC2DCA00FBECE5 /* ContentView.swift */ = {isa = PBXFileReference; lastKnownFileType = sourcecode.swift; path = ContentView.swift; sourceTree = "<group>"; };
		CDCE1E122AFC2DCC00FBECE5 /* Assets.xcassets */ = {isa = PBXFileReference; lastKnownFileType = folder.assetcatalog; path = Assets.xcassets; sourceTree = "<group>"; };
		CDCE1E152AFC2DCC00FBECE5 /* Preview Assets.xcassets */ = {isa = PBXFileReference; lastKnownFileType = folder.assetcatalog; path = "Preview Assets.xcassets"; sourceTree = "<group>"; };
		CDCE1E1B2AFC2DCC00FBECE5 /* YapeFoodTests.xctest */ = {isa = PBXFileReference; explicitFileType = wrapper.cfbundle; includeInIndex = 0; path = YapeFoodTests.xctest; sourceTree = BUILT_PRODUCTS_DIR; };
		CDCE1E1F2AFC2DCC00FBECE5 /* YapeFoodTests.swift */ = {isa = PBXFileReference; lastKnownFileType = sourcecode.swift; path = YapeFoodTests.swift; sourceTree = "<group>"; };
		CDCE1E252AFC2DCC00FBECE5 /* YapeFoodUITests.xctest */ = {isa = PBXFileReference; explicitFileType = wrapper.cfbundle; includeInIndex = 0; path = YapeFoodUITests.xctest; sourceTree = BUILT_PRODUCTS_DIR; };
		CDCE1E292AFC2DCC00FBECE5 /* YapeFoodUITests.swift */ = {isa = PBXFileReference; lastKnownFileType = sourcecode.swift; path = YapeFoodUITests.swift; sourceTree = "<group>"; };
		CDCE1E2B2AFC2DCC00FBECE5 /* YapeFoodUITestsLaunchTests.swift */ = {isa = PBXFileReference; lastKnownFileType = sourcecode.swift; path = YapeFoodUITestsLaunchTests.swift; sourceTree = "<group>"; };
		CDCE1E3B2AFC3A1E00FBECE5 /* TabBarView.swift */ = {isa = PBXFileReference; lastKnownFileType = sourcecode.swift; path = TabBarView.swift; sourceTree = "<group>"; };
		CDCE1E3D2AFC3A4500FBECE5 /* HomeView.swift */ = {isa = PBXFileReference; lastKnownFileType = sourcecode.swift; path = HomeView.swift; sourceTree = "<group>"; };
		CDCE1E3F2AFC3A4B00FBECE5 /* MapView.swift */ = {isa = PBXFileReference; lastKnownFileType = sourcecode.swift; path = MapView.swift; sourceTree = "<group>"; };
		CDCE1E412AFC3D9500FBECE5 /* RecipeModel.swift */ = {isa = PBXFileReference; lastKnownFileType = sourcecode.swift; path = RecipeModel.swift; sourceTree = "<group>"; };
		CDCE1E442AFC465700FBECE5 /* Api.swift */ = {isa = PBXFileReference; lastKnownFileType = sourcecode.swift; path = Api.swift; sourceTree = "<group>"; };
		CDCE1E462AFC473500FBECE5 /* ApiErrors.swift */ = {isa = PBXFileReference; lastKnownFileType = sourcecode.swift; path = ApiErrors.swift; sourceTree = "<group>"; };
		CDCE1E4A2AFC4D5600FBECE5 /* HomeVM.swift */ = {isa = PBXFileReference; lastKnownFileType = sourcecode.swift; path = HomeVM.swift; sourceTree = "<group>"; };
		CDCE1E4F2AFD80AB00FBECE5 /* CardView.swift */ = {isa = PBXFileReference; lastKnownFileType = sourcecode.swift; path = CardView.swift; sourceTree = "<group>"; };
		CDCE1E512AFD97E500FBECE5 /* DetailView.swift */ = {isa = PBXFileReference; lastKnownFileType = sourcecode.swift; path = DetailView.swift; sourceTree = "<group>"; };
/* End PBXFileReference section */

/* Begin PBXFrameworksBuildPhase section */
		CDCE1E082AFC2DCA00FBECE5 /* Frameworks */ = {
			isa = PBXFrameworksBuildPhase;
			buildActionMask = 2147483647;
			files = (
			);
			runOnlyForDeploymentPostprocessing = 0;
		};
		CDCE1E182AFC2DCC00FBECE5 /* Frameworks */ = {
			isa = PBXFrameworksBuildPhase;
			buildActionMask = 2147483647;
			files = (
			);
			runOnlyForDeploymentPostprocessing = 0;
		};
		CDCE1E222AFC2DCC00FBECE5 /* Frameworks */ = {
			isa = PBXFrameworksBuildPhase;
			buildActionMask = 2147483647;
			files = (
			);
			runOnlyForDeploymentPostprocessing = 0;
		};
/* End PBXFrameworksBuildPhase section */

/* Begin PBXGroup section */
		CDAA17C42AFEAD1000C6375D /* ApiTest */ = {
			isa = PBXGroup;
			children = (
				CDAA17C52AFEAD2500C6375D /* ApiTest.swift */,
			);
			path = ApiTest;
			sourceTree = "<group>";
		};
		CDAA17CB2AFED30400C6375D /* Map */ = {
			isa = PBXGroup;
			children = (
				CDAA17C72AFEC51A00C6375D /* MapTests.swift */,
			);
			path = Map;
			sourceTree = "<group>";
		};
		CDAA17CC2AFED30D00C6375D /* Filter */ = {
			isa = PBXGroup;
			children = (
				CDAA17C92AFED2BD00C6375D /* FilterTests.swift */,
			);
			path = Filter;
			sourceTree = "<group>";
		};
		CDAA17CD2AFED32600C6375D /* Utils */ = {
			isa = PBXGroup;
			children = (
				CDAA17CE2AFED33500C6375D /* Constants.swift */,
			);
			path = Utils;
			sourceTree = "<group>";
		};
		CDCE1E022AFC2DCA00FBECE5 = {
			isa = PBXGroup;
			children = (
				CDCE1E0D2AFC2DCA00FBECE5 /* YapeFood */,
				CDCE1E1E2AFC2DCC00FBECE5 /* YapeFoodTests */,
				CDCE1E282AFC2DCC00FBECE5 /* YapeFoodUITests */,
				CDCE1E0C2AFC2DCA00FBECE5 /* Products */,
			);
			sourceTree = "<group>";
		};
		CDCE1E0C2AFC2DCA00FBECE5 /* Products */ = {
			isa = PBXGroup;
			children = (
				CDCE1E0B2AFC2DCA00FBECE5 /* YapeFood.app */,
				CDCE1E1B2AFC2DCC00FBECE5 /* YapeFoodTests.xctest */,
				CDCE1E252AFC2DCC00FBECE5 /* YapeFoodUITests.xctest */,
			);
			name = Products;
			sourceTree = "<group>";
		};
		CDCE1E0D2AFC2DCA00FBECE5 /* YapeFood */ = {
			isa = PBXGroup;
			children = (
				CDCE1E492AFC4D3700FBECE5 /* App */,
				CDCE1E482AFC4CFE00FBECE5 /* Core */,
				CDCE1E142AFC2DCC00FBECE5 /* Preview Content */,
			);
			path = YapeFood;
			sourceTree = "<group>";
		};
		CDCE1E142AFC2DCC00FBECE5 /* Preview Content */ = {
			isa = PBXGroup;
			children = (
				CDCE1E152AFC2DCC00FBECE5 /* Preview Assets.xcassets */,
			);
			path = "Preview Content";
			sourceTree = "<group>";
		};
		CDCE1E1E2AFC2DCC00FBECE5 /* YapeFoodTests */ = {
			isa = PBXGroup;
			children = (
				CDAA17C42AFEAD1000C6375D /* ApiTest */,
				CDAA17CC2AFED30D00C6375D /* Filter */,
				CDAA17CB2AFED30400C6375D /* Map */,
				CDCE1E1F2AFC2DCC00FBECE5 /* YapeFoodTests.swift */,
			);
			path = YapeFoodTests;
			sourceTree = "<group>";
		};
		CDCE1E282AFC2DCC00FBECE5 /* YapeFoodUITests */ = {
			isa = PBXGroup;
			children = (
				CDCE1E292AFC2DCC00FBECE5 /* YapeFoodUITests.swift */,
				CDCE1E2B2AFC2DCC00FBECE5 /* YapeFoodUITestsLaunchTests.swift */,
			);
			path = YapeFoodUITests;
			sourceTree = "<group>";
		};
		CDCE1E382AFC395E00FBECE5 /* Views */ = {
			isa = PBXGroup;
			children = (
				CDCE1E3D2AFC3A4500FBECE5 /* HomeView.swift */,
				CDCE1E3F2AFC3A4B00FBECE5 /* MapView.swift */,
				CDCE1E512AFD97E500FBECE5 /* DetailView.swift */,
			);
			path = Views;
			sourceTree = "<group>";
		};
		CDCE1E392AFC396400FBECE5 /* ViewModels */ = {
			isa = PBXGroup;
			children = (
				CDCE1E4A2AFC4D5600FBECE5 /* HomeVM.swift */,
			);
			path = ViewModels;
			sourceTree = "<group>";
		};
		CDCE1E3A2AFC398500FBECE5 /* Models */ = {
			isa = PBXGroup;
			children = (
				CDCE1E412AFC3D9500FBECE5 /* RecipeModel.swift */,
			);
			path = Models;
			sourceTree = "<group>";
		};
		CDCE1E432AFC464B00FBECE5 /* Services */ = {
			isa = PBXGroup;
			children = (
				CDCE1E442AFC465700FBECE5 /* Api.swift */,
				CDCE1E462AFC473500FBECE5 /* ApiErrors.swift */,
			);
			path = Services;
			sourceTree = "<group>";
		};
		CDCE1E482AFC4CFE00FBECE5 /* Core */ = {
			isa = PBXGroup;
			children = (
				CDCE1E432AFC464B00FBECE5 /* Services */,
			);
			path = Core;
			sourceTree = "<group>";
		};
		CDCE1E492AFC4D3700FBECE5 /* App */ = {
			isa = PBXGroup;
			children = (
				CDCE1E4E2AFD809800FBECE5 /* Components */,
				CDCE1E3A2AFC398500FBECE5 /* Models */,
				CDCE1E382AFC395E00FBECE5 /* Views */,
				CDCE1E392AFC396400FBECE5 /* ViewModels */,
				CDAA17CD2AFED32600C6375D /* Utils */,
				CDCE1E122AFC2DCC00FBECE5 /* Assets.xcassets */,
				CDCE1E102AFC2DCA00FBECE5 /* ContentView.swift */,
				CDCE1E0E2AFC2DCA00FBECE5 /* YapeFoodApp.swift */,
			);
			path = App;
			sourceTree = "<group>";
		};
		CDCE1E4E2AFD809800FBECE5 /* Components */ = {
			isa = PBXGroup;
			children = (
				CDCE1E3B2AFC3A1E00FBECE5 /* TabBarView.swift */,
				CDCE1E4F2AFD80AB00FBECE5 /* CardView.swift */,
				CDAA17C12AFEA44D00C6375D /* Button.swift */,
			);
			path = Components;
			sourceTree = "<group>";
		};
/* End PBXGroup section */

/* Begin PBXNativeTarget section */
		CDCE1E0A2AFC2DCA00FBECE5 /* YapeFood */ = {
			isa = PBXNativeTarget;
			buildConfigurationList = CDCE1E2F2AFC2DCC00FBECE5 /* Build configuration list for PBXNativeTarget "YapeFood" */;
			buildPhases = (
				CDCE1E072AFC2DCA00FBECE5 /* Sources */,
				CDCE1E082AFC2DCA00FBECE5 /* Frameworks */,
				CDCE1E092AFC2DCA00FBECE5 /* Resources */,
			);
			buildRules = (
			);
			dependencies = (
			);
			name = YapeFood;
			productName = YapeFood;
			productReference = CDCE1E0B2AFC2DCA00FBECE5 /* YapeFood.app */;
			productType = "com.apple.product-type.application";
		};
		CDCE1E1A2AFC2DCC00FBECE5 /* YapeFoodTests */ = {
			isa = PBXNativeTarget;
			buildConfigurationList = CDCE1E322AFC2DCC00FBECE5 /* Build configuration list for PBXNativeTarget "YapeFoodTests" */;
			buildPhases = (
				CDCE1E172AFC2DCC00FBECE5 /* Sources */,
				CDCE1E182AFC2DCC00FBECE5 /* Frameworks */,
				CDCE1E192AFC2DCC00FBECE5 /* Resources */,
			);
			buildRules = (
			);
			dependencies = (
				CDCE1E1D2AFC2DCC00FBECE5 /* PBXTargetDependency */,
			);
			name = YapeFoodTests;
			productName = YapeFoodTests;
			productReference = CDCE1E1B2AFC2DCC00FBECE5 /* YapeFoodTests.xctest */;
			productType = "com.apple.product-type.bundle.unit-test";
		};
		CDCE1E242AFC2DCC00FBECE5 /* YapeFoodUITests */ = {
			isa = PBXNativeTarget;
			buildConfigurationList = CDCE1E352AFC2DCC00FBECE5 /* Build configuration list for PBXNativeTarget "YapeFoodUITests" */;
			buildPhases = (
				CDCE1E212AFC2DCC00FBECE5 /* Sources */,
				CDCE1E222AFC2DCC00FBECE5 /* Frameworks */,
				CDCE1E232AFC2DCC00FBECE5 /* Resources */,
			);
			buildRules = (
			);
			dependencies = (
				CDCE1E272AFC2DCC00FBECE5 /* PBXTargetDependency */,
			);
			name = YapeFoodUITests;
			productName = YapeFoodUITests;
			productReference = CDCE1E252AFC2DCC00FBECE5 /* YapeFoodUITests.xctest */;
			productType = "com.apple.product-type.bundle.ui-testing";
		};
/* End PBXNativeTarget section */

/* Begin PBXProject section */
		CDCE1E032AFC2DCA00FBECE5 /* Project object */ = {
			isa = PBXProject;
			attributes = {
				BuildIndependentTargetsInParallel = 1;
				LastSwiftUpdateCheck = 1500;
				LastUpgradeCheck = 1500;
				TargetAttributes = {
					CDCE1E0A2AFC2DCA00FBECE5 = {
						CreatedOnToolsVersion = 15.0.1;
					};
					CDCE1E1A2AFC2DCC00FBECE5 = {
						CreatedOnToolsVersion = 15.0.1;
						TestTargetID = CDCE1E0A2AFC2DCA00FBECE5;
					};
					CDCE1E242AFC2DCC00FBECE5 = {
						CreatedOnToolsVersion = 15.0.1;
						TestTargetID = CDCE1E0A2AFC2DCA00FBECE5;
					};
				};
			};
			buildConfigurationList = CDCE1E062AFC2DCA00FBECE5 /* Build configuration list for PBXProject "YapeFood" */;
			compatibilityVersion = "Xcode 14.0";
			developmentRegion = en;
			hasScannedForEncodings = 0;
			knownRegions = (
				en,
				Base,
			);
			mainGroup = CDCE1E022AFC2DCA00FBECE5;
			productRefGroup = CDCE1E0C2AFC2DCA00FBECE5 /* Products */;
			projectDirPath = "";
			projectRoot = "";
			targets = (
				CDCE1E0A2AFC2DCA00FBECE5 /* YapeFood */,
				CDCE1E1A2AFC2DCC00FBECE5 /* YapeFoodTests */,
				CDCE1E242AFC2DCC00FBECE5 /* YapeFoodUITests */,
			);
		};
/* End PBXProject section */

/* Begin PBXResourcesBuildPhase section */
		CDCE1E092AFC2DCA00FBECE5 /* Resources */ = {
			isa = PBXResourcesBuildPhase;
			buildActionMask = 2147483647;
			files = (
				CDCE1E162AFC2DCC00FBECE5 /* Preview Assets.xcassets in Resources */,
				CDCE1E132AFC2DCC00FBECE5 /* Assets.xcassets in Resources */,
			);
			runOnlyForDeploymentPostprocessing = 0;
		};
		CDCE1E192AFC2DCC00FBECE5 /* Resources */ = {
			isa = PBXResourcesBuildPhase;
			buildActionMask = 2147483647;
			files = (
			);
			runOnlyForDeploymentPostprocessing = 0;
		};
		CDCE1E232AFC2DCC00FBECE5 /* Resources */ = {
			isa = PBXResourcesBuildPhase;
			buildActionMask = 2147483647;
			files = (
			);
			runOnlyForDeploymentPostprocessing = 0;
		};
/* End PBXResourcesBuildPhase section */

/* Begin PBXSourcesBuildPhase section */
		CDCE1E072AFC2DCA00FBECE5 /* Sources */ = {
			isa = PBXSourcesBuildPhase;
			buildActionMask = 2147483647;
			files = (
				CDCE1E112AFC2DCA00FBECE5 /* ContentView.swift in Sources */,
				CDCE1E522AFD97E500FBECE5 /* DetailView.swift in Sources */,
				CDCE1E472AFC473500FBECE5 /* ApiErrors.swift in Sources */,
				CDCE1E3E2AFC3A4500FBECE5 /* HomeView.swift in Sources */,
				CDCE1E4B2AFC4D5600FBECE5 /* HomeVM.swift in Sources */,
				CDCE1E402AFC3A4B00FBECE5 /* MapView.swift in Sources */,
				CDCE1E422AFC3D9500FBECE5 /* RecipeModel.swift in Sources */,
				CDAA17CF2AFED33500C6375D /* Constants.swift in Sources */,
				CDCE1E0F2AFC2DCA00FBECE5 /* YapeFoodApp.swift in Sources */,
				CDCE1E452AFC465700FBECE5 /* Api.swift in Sources */,
				CDCE1E502AFD80AB00FBECE5 /* CardView.swift in Sources */,
				CDAA17C22AFEA44D00C6375D /* Button.swift in Sources */,
				CDCE1E3C2AFC3A1E00FBECE5 /* TabBarView.swift in Sources */,
			);
			runOnlyForDeploymentPostprocessing = 0;
		};
		CDCE1E172AFC2DCC00FBECE5 /* Sources */ = {
			isa = PBXSourcesBuildPhase;
			buildActionMask = 2147483647;
			files = (
				CDAA17C62AFEAD2500C6375D /* ApiTest.swift in Sources */,
				CDAA17CA2AFED2BD00C6375D /* FilterTests.swift in Sources */,
				CDCE1E202AFC2DCC00FBECE5 /* YapeFoodTests.swift in Sources */,
				CDAA17C82AFEC51A00C6375D /* MapTests.swift in Sources */,
			);
			runOnlyForDeploymentPostprocessing = 0;
		};
		CDCE1E212AFC2DCC00FBECE5 /* Sources */ = {
			isa = PBXSourcesBuildPhase;
			buildActionMask = 2147483647;
			files = (
				CDCE1E2C2AFC2DCC00FBECE5 /* YapeFoodUITestsLaunchTests.swift in Sources */,
				CDCE1E2A2AFC2DCC00FBECE5 /* YapeFoodUITests.swift in Sources */,
			);
			runOnlyForDeploymentPostprocessing = 0;
		};
/* End PBXSourcesBuildPhase section */

/* Begin PBXTargetDependency section */
		CDCE1E1D2AFC2DCC00FBECE5 /* PBXTargetDependency */ = {
			isa = PBXTargetDependency;
			target = CDCE1E0A2AFC2DCA00FBECE5 /* YapeFood */;
			targetProxy = CDCE1E1C2AFC2DCC00FBECE5 /* PBXContainerItemProxy */;
		};
		CDCE1E272AFC2DCC00FBECE5 /* PBXTargetDependency */ = {
			isa = PBXTargetDependency;
			target = CDCE1E0A2AFC2DCA00FBECE5 /* YapeFood */;
			targetProxy = CDCE1E262AFC2DCC00FBECE5 /* PBXContainerItemProxy */;
		};
/* End PBXTargetDependency section */

/* Begin XCBuildConfiguration section */
		CDCE1E2D2AFC2DCC00FBECE5 /* Debug */ = {
			isa = XCBuildConfiguration;
			buildSettings = {
				ALWAYS_SEARCH_USER_PATHS = NO;
				ASSETCATALOG_COMPILER_GENERATE_SWIFT_ASSET_SYMBOL_EXTENSIONS = YES;
				CLANG_ANALYZER_NONNULL = YES;
				CLANG_ANALYZER_NUMBER_OBJECT_CONVERSION = YES_AGGRESSIVE;
				CLANG_CXX_LANGUAGE_STANDARD = "gnu++20";
				CLANG_ENABLE_MODULES = YES;
				CLANG_ENABLE_OBJC_ARC = YES;
				CLANG_ENABLE_OBJC_WEAK = YES;
				CLANG_WARN_BLOCK_CAPTURE_AUTORELEASING = YES;
				CLANG_WARN_BOOL_CONVERSION = YES;
				CLANG_WARN_COMMA = YES;
				CLANG_WARN_CONSTANT_CONVERSION = YES;
				CLANG_WARN_DEPRECATED_OBJC_IMPLEMENTATIONS = YES;
				CLANG_WARN_DIRECT_OBJC_ISA_USAGE = YES_ERROR;
				CLANG_WARN_DOCUMENTATION_COMMENTS = YES;
				CLANG_WARN_EMPTY_BODY = YES;
				CLANG_WARN_ENUM_CONVERSION = YES;
				CLANG_WARN_INFINITE_RECURSION = YES;
				CLANG_WARN_INT_CONVERSION = YES;
				CLANG_WARN_NON_LITERAL_NULL_CONVERSION = YES;
				CLANG_WARN_OBJC_IMPLICIT_RETAIN_SELF = YES;
				CLANG_WARN_OBJC_LITERAL_CONVERSION = YES;
				CLANG_WARN_OBJC_ROOT_CLASS = YES_ERROR;
				CLANG_WARN_QUOTED_INCLUDE_IN_FRAMEWORK_HEADER = YES;
				CLANG_WARN_RANGE_LOOP_ANALYSIS = YES;
				CLANG_WARN_STRICT_PROTOTYPES = YES;
				CLANG_WARN_SUSPICIOUS_MOVE = YES;
				CLANG_WARN_UNGUARDED_AVAILABILITY = YES_AGGRESSIVE;
				CLANG_WARN_UNREACHABLE_CODE = YES;
				CLANG_WARN__DUPLICATE_METHOD_MATCH = YES;
				COPY_PHASE_STRIP = NO;
				DEBUG_INFORMATION_FORMAT = dwarf;
				ENABLE_STRICT_OBJC_MSGSEND = YES;
				ENABLE_TESTABILITY = YES;
				ENABLE_USER_SCRIPT_SANDBOXING = YES;
				GCC_C_LANGUAGE_STANDARD = gnu17;
				GCC_DYNAMIC_NO_PIC = NO;
				GCC_NO_COMMON_BLOCKS = YES;
				GCC_OPTIMIZATION_LEVEL = 0;
				GCC_PREPROCESSOR_DEFINITIONS = (
					"DEBUG=1",
					"$(inherited)",
				);
				GCC_WARN_64_TO_32_BIT_CONVERSION = YES;
				GCC_WARN_ABOUT_RETURN_TYPE = YES_ERROR;
				GCC_WARN_UNDECLARED_SELECTOR = YES;
				GCC_WARN_UNINITIALIZED_AUTOS = YES_AGGRESSIVE;
				GCC_WARN_UNUSED_FUNCTION = YES;
				GCC_WARN_UNUSED_VARIABLE = YES;
				IPHONEOS_DEPLOYMENT_TARGET = 17.0;
				LOCALIZATION_PREFERS_STRING_CATALOGS = YES;
				MTL_ENABLE_DEBUG_INFO = INCLUDE_SOURCE;
				MTL_FAST_MATH = YES;
				ONLY_ACTIVE_ARCH = YES;
				SDKROOT = iphoneos;
				SWIFT_ACTIVE_COMPILATION_CONDITIONS = "DEBUG $(inherited)";
				SWIFT_OPTIMIZATION_LEVEL = "-Onone";
			};
			name = Debug;
		};
		CDCE1E2E2AFC2DCC00FBECE5 /* Release */ = {
			isa = XCBuildConfiguration;
			buildSettings = {
				ALWAYS_SEARCH_USER_PATHS = NO;
				ASSETCATALOG_COMPILER_GENERATE_SWIFT_ASSET_SYMBOL_EXTENSIONS = YES;
				CLANG_ANALYZER_NONNULL = YES;
				CLANG_ANALYZER_NUMBER_OBJECT_CONVERSION = YES_AGGRESSIVE;
				CLANG_CXX_LANGUAGE_STANDARD = "gnu++20";
				CLANG_ENABLE_MODULES = YES;
				CLANG_ENABLE_OBJC_ARC = YES;
				CLANG_ENABLE_OBJC_WEAK = YES;
				CLANG_WARN_BLOCK_CAPTURE_AUTORELEASING = YES;
				CLANG_WARN_BOOL_CONVERSION = YES;
				CLANG_WARN_COMMA = YES;
				CLANG_WARN_CONSTANT_CONVERSION = YES;
				CLANG_WARN_DEPRECATED_OBJC_IMPLEMENTATIONS = YES;
				CLANG_WARN_DIRECT_OBJC_ISA_USAGE = YES_ERROR;
				CLANG_WARN_DOCUMENTATION_COMMENTS = YES;
				CLANG_WARN_EMPTY_BODY = YES;
				CLANG_WARN_ENUM_CONVERSION = YES;
				CLANG_WARN_INFINITE_RECURSION = YES;
				CLANG_WARN_INT_CONVERSION = YES;
				CLANG_WARN_NON_LITERAL_NULL_CONVERSION = YES;
				CLANG_WARN_OBJC_IMPLICIT_RETAIN_SELF = YES;
				CLANG_WARN_OBJC_LITERAL_CONVERSION = YES;
				CLANG_WARN_OBJC_ROOT_CLASS = YES_ERROR;
				CLANG_WARN_QUOTED_INCLUDE_IN_FRAMEWORK_HEADER = YES;
				CLANG_WARN_RANGE_LOOP_ANALYSIS = YES;
				CLANG_WARN_STRICT_PROTOTYPES = YES;
				CLANG_WARN_SUSPICIOUS_MOVE = YES;
				CLANG_WARN_UNGUARDED_AVAILABILITY = YES_AGGRESSIVE;
				CLANG_WARN_UNREACHABLE_CODE = YES;
				CLANG_WARN__DUPLICATE_METHOD_MATCH = YES;
				COPY_PHASE_STRIP = NO;
				DEBUG_INFORMATION_FORMAT = "dwarf-with-dsym";
				ENABLE_NS_ASSERTIONS = NO;
				ENABLE_STRICT_OBJC_MSGSEND = YES;
				ENABLE_USER_SCRIPT_SANDBOXING = YES;
				GCC_C_LANGUAGE_STANDARD = gnu17;
				GCC_NO_COMMON_BLOCKS = YES;
				GCC_WARN_64_TO_32_BIT_CONVERSION = YES;
				GCC_WARN_ABOUT_RETURN_TYPE = YES_ERROR;
				GCC_WARN_UNDECLARED_SELECTOR = YES;
				GCC_WARN_UNINITIALIZED_AUTOS = YES_AGGRESSIVE;
				GCC_WARN_UNUSED_FUNCTION = YES;
				GCC_WARN_UNUSED_VARIABLE = YES;
				IPHONEOS_DEPLOYMENT_TARGET = 17.0;
				LOCALIZATION_PREFERS_STRING_CATALOGS = YES;
				MTL_ENABLE_DEBUG_INFO = NO;
				MTL_FAST_MATH = YES;
				SDKROOT = iphoneos;
				SWIFT_COMPILATION_MODE = wholemodule;
				VALIDATE_PRODUCT = YES;
			};
			name = Release;
		};
		CDCE1E302AFC2DCC00FBECE5 /* Debug */ = {
			isa = XCBuildConfiguration;
			buildSettings = {
				ASSETCATALOG_COMPILER_APPICON_NAME = AppIcon;
				ASSETCATALOG_COMPILER_GLOBAL_ACCENT_COLOR_NAME = AccentColor;
				CODE_SIGN_STYLE = Automatic;
				CURRENT_PROJECT_VERSION = 1;
				DEVELOPMENT_ASSET_PATHS = "\"YapeFood/Preview Content\"";
				ENABLE_PREVIEWS = YES;
				GENERATE_INFOPLIST_FILE = YES;
				INFOPLIST_KEY_UIApplicationSceneManifest_Generation = YES;
				INFOPLIST_KEY_UIApplicationSupportsIndirectInputEvents = YES;
				INFOPLIST_KEY_UILaunchScreen_Generation = YES;
				INFOPLIST_KEY_UISupportedInterfaceOrientations_iPad = "UIInterfaceOrientationPortrait UIInterfaceOrientationPortraitUpsideDown UIInterfaceOrientationLandscapeLeft UIInterfaceOrientationLandscapeRight";
				INFOPLIST_KEY_UISupportedInterfaceOrientations_iPhone = "UIInterfaceOrientationPortrait UIInterfaceOrientationLandscapeLeft UIInterfaceOrientationLandscapeRight";
				LD_RUNPATH_SEARCH_PATHS = (
					"$(inherited)",
					"@executable_path/Frameworks",
				);
				MARKETING_VERSION = 1.0;
				PRODUCT_BUNDLE_IDENTIFIER = Laborit.YapeFood;
				PRODUCT_NAME = "$(TARGET_NAME)";
				SWIFT_EMIT_LOC_STRINGS = YES;
				SWIFT_VERSION = 5.0;
				TARGETED_DEVICE_FAMILY = "1,2";
			};
			name = Debug;
		};
		CDCE1E312AFC2DCC00FBECE5 /* Release */ = {
			isa = XCBuildConfiguration;
			buildSettings = {
				ASSETCATALOG_COMPILER_APPICON_NAME = AppIcon;
				ASSETCATALOG_COMPILER_GLOBAL_ACCENT_COLOR_NAME = AccentColor;
				CODE_SIGN_STYLE = Automatic;
				CURRENT_PROJECT_VERSION = 1;
				DEVELOPMENT_ASSET_PATHS = "\"YapeFood/Preview Content\"";
				ENABLE_PREVIEWS = YES;
				GENERATE_INFOPLIST_FILE = YES;
				INFOPLIST_KEY_UIApplicationSceneManifest_Generation = YES;
				INFOPLIST_KEY_UIApplicationSupportsIndirectInputEvents = YES;
				INFOPLIST_KEY_UILaunchScreen_Generation = YES;
				INFOPLIST_KEY_UISupportedInterfaceOrientations_iPad = "UIInterfaceOrientationPortrait UIInterfaceOrientationPortraitUpsideDown UIInterfaceOrientationLandscapeLeft UIInterfaceOrientationLandscapeRight";
				INFOPLIST_KEY_UISupportedInterfaceOrientations_iPhone = "UIInterfaceOrientationPortrait UIInterfaceOrientationLandscapeLeft UIInterfaceOrientationLandscapeRight";
				LD_RUNPATH_SEARCH_PATHS = (
					"$(inherited)",
					"@executable_path/Frameworks",
				);
				MARKETING_VERSION = 1.0;
				PRODUCT_BUNDLE_IDENTIFIER = Laborit.YapeFood;
				PRODUCT_NAME = "$(TARGET_NAME)";
				SWIFT_EMIT_LOC_STRINGS = YES;
				SWIFT_VERSION = 5.0;
				TARGETED_DEVICE_FAMILY = "1,2";
			};
			name = Release;
		};
		CDCE1E332AFC2DCC00FBECE5 /* Debug */ = {
			isa = XCBuildConfiguration;
			buildSettings = {
				ALWAYS_EMBED_SWIFT_STANDARD_LIBRARIES = YES;
				BUNDLE_LOADER = "$(TEST_HOST)";
				CODE_SIGN_STYLE = Automatic;
				CURRENT_PROJECT_VERSION = 1;
				GENERATE_INFOPLIST_FILE = YES;
				IPHONEOS_DEPLOYMENT_TARGET = 17.0;
				MARKETING_VERSION = 1.0;
				PRODUCT_BUNDLE_IDENTIFIER = Laborit.YapeFoodTests;
				PRODUCT_NAME = "$(TARGET_NAME)";
				SWIFT_EMIT_LOC_STRINGS = NO;
				SWIFT_VERSION = 5.0;
				TARGETED_DEVICE_FAMILY = "1,2";
				TEST_HOST = "$(BUILT_PRODUCTS_DIR)/YapeFood.app/$(BUNDLE_EXECUTABLE_FOLDER_PATH)/YapeFood";
			};
			name = Debug;
		};
		CDCE1E342AFC2DCC00FBECE5 /* Release */ = {
			isa = XCBuildConfiguration;
			buildSettings = {
				ALWAYS_EMBED_SWIFT_STANDARD_LIBRARIES = YES;
				BUNDLE_LOADER = "$(TEST_HOST)";
				CODE_SIGN_STYLE = Automatic;
				CURRENT_PROJECT_VERSION = 1;
				GENERATE_INFOPLIST_FILE = YES;
				IPHONEOS_DEPLOYMENT_TARGET = 17.0;
				MARKETING_VERSION = 1.0;
				PRODUCT_BUNDLE_IDENTIFIER = Laborit.YapeFoodTests;
				PRODUCT_NAME = "$(TARGET_NAME)";
				SWIFT_EMIT_LOC_STRINGS = NO;
				SWIFT_VERSION = 5.0;
				TARGETED_DEVICE_FAMILY = "1,2";
				TEST_HOST = "$(BUILT_PRODUCTS_DIR)/YapeFood.app/$(BUNDLE_EXECUTABLE_FOLDER_PATH)/YapeFood";
			};
			name = Release;
		};
		CDCE1E362AFC2DCC00FBECE5 /* Debug */ = {
			isa = XCBuildConfiguration;
			buildSettings = {
				ALWAYS_EMBED_SWIFT_STANDARD_LIBRARIES = YES;
				CODE_SIGN_STYLE = Automatic;
				CURRENT_PROJECT_VERSION = 1;
				GENERATE_INFOPLIST_FILE = YES;
				MARKETING_VERSION = 1.0;
				PRODUCT_BUNDLE_IDENTIFIER = Laborit.YapeFoodUITests;
				PRODUCT_NAME = "$(TARGET_NAME)";
				SWIFT_EMIT_LOC_STRINGS = NO;
				SWIFT_VERSION = 5.0;
				TARGETED_DEVICE_FAMILY = "1,2";
				TEST_TARGET_NAME = YapeFood;
			};
			name = Debug;
		};
		CDCE1E372AFC2DCC00FBECE5 /* Release */ = {
			isa = XCBuildConfiguration;
			buildSettings = {
				ALWAYS_EMBED_SWIFT_STANDARD_LIBRARIES = YES;
				CODE_SIGN_STYLE = Automatic;
				CURRENT_PROJECT_VERSION = 1;
				GENERATE_INFOPLIST_FILE = YES;
				MARKETING_VERSION = 1.0;
				PRODUCT_BUNDLE_IDENTIFIER = Laborit.YapeFoodUITests;
				PRODUCT_NAME = "$(TARGET_NAME)";
				SWIFT_EMIT_LOC_STRINGS = NO;
				SWIFT_VERSION = 5.0;
				TARGETED_DEVICE_FAMILY = "1,2";
				TEST_TARGET_NAME = YapeFood;
			};
			name = Release;
		};
/* End XCBuildConfiguration section */

/* Begin XCConfigurationList section */
		CDCE1E062AFC2DCA00FBECE5 /* Build configuration list for PBXProject "YapeFood" */ = {
			isa = XCConfigurationList;
			buildConfigurations = (
				CDCE1E2D2AFC2DCC00FBECE5 /* Debug */,
				CDCE1E2E2AFC2DCC00FBECE5 /* Release */,
			);
			defaultConfigurationIsVisible = 0;
			defaultConfigurationName = Release;
		};
		CDCE1E2F2AFC2DCC00FBECE5 /* Build configuration list for PBXNativeTarget "YapeFood" */ = {
			isa = XCConfigurationList;
			buildConfigurations = (
				CDCE1E302AFC2DCC00FBECE5 /* Debug */,
				CDCE1E312AFC2DCC00FBECE5 /* Release */,
			);
			defaultConfigurationIsVisible = 0;
			defaultConfigurationName = Release;
		};
		CDCE1E322AFC2DCC00FBECE5 /* Build configuration list for PBXNativeTarget "YapeFoodTests" */ = {
			isa = XCConfigurationList;
			buildConfigurations = (
				CDCE1E332AFC2DCC00FBECE5 /* Debug */,
				CDCE1E342AFC2DCC00FBECE5 /* Release */,
			);
			defaultConfigurationIsVisible = 0;
			defaultConfigurationName = Release;
		};
		CDCE1E352AFC2DCC00FBECE5 /* Build configuration list for PBXNativeTarget "YapeFoodUITests" */ = {
			isa = XCConfigurationList;
			buildConfigurations = (
				CDCE1E362AFC2DCC00FBECE5 /* Debug */,
				CDCE1E372AFC2DCC00FBECE5 /* Release */,
			);
			defaultConfigurationIsVisible = 0;
			defaultConfigurationName = Release;
		};
/* End XCConfigurationList section */
	};
	rootObject = CDCE1E032AFC2DCA00FBECE5 /* Project object */;
}
